
Microsoft Visual Studio Solution File, Format Version 12.00
# Visual Studio Version 17
VisualStudioVersion = 17.7.34024.191
MinimumVisualStudioVersion = 10.0.40219.1
Project("{9A19103F-16F7-4668-BE54-9A1E7A4F7556}") = "AppConsorcio", "AppConsorcio.csproj", "{5C465A8D-67B0-4715-A19A-08C52271E123}"
EndProject
Project("{FAE04EC0-301F-11D3-BF4B-00C04F79EFBC}") = "ClasesApp", "..\ClasesApp\ClasesApp.csproj", "{8E0D2D50-33F8-40D4-9BF2-3849808A3DF4}"
EndProject
Global
	GlobalSection(SolutionConfigurationPlatforms) = preSolution
		Debug|Any CPU = Debug|Any CPU
		Release|Any CPU = Release|Any CPU
	EndGlobalSection
	GlobalSection(ProjectConfigurationPlatforms) = postSolution
		{5C465A8D-67B0-4715-A19A-08C52271E123}.Debug|Any CPU.ActiveCfg = Debug|Any CPU
		{5C465A8D-67B0-4715-A19A-08C52271E123}.Debug|Any CPU.Build.0 = Debug|Any CPU
		{5C465A8D-67B0-4715-A19A-08C52271E123}.Release|Any CPU.ActiveCfg = Release|Any CPU
		{5C465A8D-67B0-4715-A19A-08C52271E123}.Release|Any CPU.Build.0 = Release|Any CPU
		{8E0D2D50-33F8-40D4-9BF2-3849808A3DF4}.Debug|Any CPU.ActiveCfg = Debug|Any CPU
		{8E0D2D50-33F8-40D4-9BF2-3849808A3DF4}.Debug|Any CPU.Build.0 = Debug|Any CPU
		{8E0D2D50-33F8-40D4-9BF2-3849808A3DF4}.Release|Any CPU.ActiveCfg = Release|Any CPU
		{8E0D2D50-33F8-40D4-9BF2-3849808A3DF4}.Release|Any CPU.Build.0 = Release|Any CPU
	EndGlobalSection
	GlobalSection(SolutionProperties) = preSolution
		HideSolutionNode = FALSE
	EndGlobalSection
	GlobalSection(ExtensibilityGlobals) = postSolution
		SolutionGuid = {76FE9552-773E-48F5-A094-6D3D3E184CAD}
	EndGlobalSection
EndGlobal
